
Microsoft Visual Studio Solution File, Format Version 12.00
# Visual Studio Version 16
VisualStudioVersion = 16.0.33130.400
MinimumVisualStudioVersion = 10.0.40219.1
Project("{FAE04EC0-301F-11D3-BF4B-00C04F79EFBC}") = "TesteImportacaoExcel", "TesteImportacaoExcel\TesteImportacaoExcel.csproj", "{F27EC43A-EBE3-4017-B36A-B97AAAE85091}"
EndProject
Global
	GlobalSection(SolutionConfigurationPlatforms) = preSolution
		Debug|Any CPU = Debug|Any CPU
		Release|Any CPU = Release|Any CPU
	EndGlobalSection
	GlobalSection(ProjectConfigurationPlatforms) = postSolution
		{F27EC43A-EBE3-4017-B36A-B97AAAE85091}.Debug|Any CPU.ActiveCfg = Debug|Any CPU
		{F27EC43A-EBE3-4017-B36A-B97AAAE85091}.Debug|Any CPU.Build.0 = Debug|Any CPU
		{F27EC43A-EBE3-4017-B36A-B97AAAE85091}.Release|Any CPU.ActiveCfg = Release|Any CPU
		{F27EC43A-EBE3-4017-B36A-B97AAAE85091}.Release|Any CPU.Build.0 = Release|Any CPU
	EndGlobalSection
	GlobalSection(SolutionProperties) = preSolution
		HideSolutionNode = FALSE
	EndGlobalSection
	GlobalSection(ExtensibilityGlobals) = postSolution
		SolutionGuid = {A9D19E5B-1767-4692-94A1-80BCE4207FF5}
	EndGlobalSection
EndGlobal
